Microsoft Visual Studio Solution File, Format Version 12.00
# Visual Studio Version 17
VisualStudioVersion = 17.0.31903.59
MinimumVisualStudioVersion = 10.0.40219.1
Project("{FAE04EC0-301F-11D3-BF4B-00C04F79EFBC}") = "PMCBackendAPI", "PMCBackendAPI.csproj", "{8F4A7B2D-C1E3-4F5A-B890-D3E7F6A12C45}"
EndProject
Global
	GlobalSection(SolutionConfigurationPlatforms) = preSolution
		Debug|Any CPU = Debug|Any CPU
		Release|Any CPU = Release|Any CPU
	EndGlobalSection
	GlobalSection(ProjectConfigurationPlatforms) = postSolution
		{8F4A7B2D-C1E3-4F5A-B890-D3E7F6A12C45}.Debug|Any CPU.ActiveCfg = Debug|Any CPU
		{8F4A7B2D-C1E3-4F5A-B890-D3E7F6A12C45}.Debug|Any CPU.Build.0 = Debug|Any CPU
		{8F4A7B2D-C1E3-4F5A-B890-D3E7F6A12C45}.Release|Any CPU.ActiveCfg = Release|Any CPU
		{8F4A7B2D-C1E3-4F5A-B890-D3E7F6A12C45}.Release|Any CPU.Build.0 = Release|Any CPU
	EndGlobalSection
	GlobalSection(SolutionProperties) = preSolution
		HideSolutionNode = FALSE
	EndGlobalSection
	GlobalSection(ExtensibilityGlobals) = postSolution
		SolutionGuid = {CC77C164-54AE-4589-BDDA-B2A180E7D544}
	EndGlobalSection
EndGlobal
